
Microsoft Visual Studio Solution File, Format Version 12.00
# Visual Studio Version 17
VisualStudioVersion = 17.7.34221.43
MinimumVisualStudioVersion = 10.0.40219.1
Project("{8BC9CEB8-8B4A-11D0-8D11-00A0C91BC942}") = "bs-StateSpace", "sampler_cpp.vcxproj", "{E73435F3-4D4E-4FA9-AEB9-BFE8859B0E14}"
EndProject
Project("{8BC9CEB8-8B4A-11D0-8D11-00A0C91BC942}") = "CloudPositionN", "CloudPositionN\CloudPositionN.vcxproj", "{F5F11BA0-BD8B-48BB-95A4-D619F3284393}"
EndProject
Global
	GlobalSection(SolutionConfigurationPlatforms) = preSolution
		Debug|x64 = Debug|x64
		Debug|x86 = Debug|x86
		Release|x64 = Release|x64
		Release|x86 = Release|x86
	EndGlobalSection
	GlobalSection(ProjectConfigurationPlatforms) = postSolution
		{E73435F3-4D4E-4FA9-AEB9-BFE8859B0E14}.Debug|x64.ActiveCfg = Debug|x64
		{E73435F3-4D4E-4FA9-AEB9-BFE8859B0E14}.Debug|x64.Build.0 = Debug|x64
		{E73435F3-4D4E-4FA9-AEB9-BFE8859B0E14}.Debug|x86.ActiveCfg = Debug|Win32
		{E73435F3-4D4E-4FA9-AEB9-BFE8859B0E14}.Debug|x86.Build.0 = Debug|Win32
		{E73435F3-4D4E-4FA9-AEB9-BFE8859B0E14}.Release|x64.ActiveCfg = Release|x64
		{E73435F3-4D4E-4FA9-AEB9-BFE8859B0E14}.Release|x64.Build.0 = Release|x64
		{E73435F3-4D4E-4FA9-AEB9-BFE8859B0E14}.Release|x86.ActiveCfg = Release|Win32
		{E73435F3-4D4E-4FA9-AEB9-BFE8859B0E14}.Release|x86.Build.0 = Release|Win32
		{F5F11BA0-BD8B-48BB-95A4-D619F3284393}.Debug|x64.ActiveCfg = Debug|x64
		{F5F11BA0-BD8B-48BB-95A4-D619F3284393}.Debug|x64.Build.0 = Debug|x64
		{F5F11BA0-BD8B-48BB-95A4-D619F3284393}.Debug|x86.ActiveCfg = Debug|Win32
		{F5F11BA0-BD8B-48BB-95A4-D619F3284393}.Debug|x86.Build.0 = Debug|Win32
		{F5F11BA0-BD8B-48BB-95A4-D619F3284393}.Release|x64.ActiveCfg = Release|x64
		{F5F11BA0-BD8B-48BB-95A4-D619F3284393}.Release|x64.Build.0 = Release|x64
		{F5F11BA0-BD8B-48BB-95A4-D619F3284393}.Release|x86.ActiveCfg = Release|Win32
		{F5F11BA0-BD8B-48BB-95A4-D619F3284393}.Release|x86.Build.0 = Release|Win32
	EndGlobalSection
	GlobalSection(SolutionProperties) = preSolution
		HideSolutionNode = FALSE
	EndGlobalSection
	GlobalSection(ExtensibilityGlobals) = postSolution
		SolutionGuid = {087C1235-D129-4154-ABFF-54D8E9EC5E60}
	EndGlobalSection
EndGlobal
